<Solution>
  <Folder Name="/BuildingBlocks/">
    <Project Path="BuildingBlocks/BuildingBlocks/BuildingBlocks.csproj" Id="cca02546-9b95-4d08-9c16-cc5365774ed3" />
  </Folder>
  <Folder Name="/Services/" />
  <Folder Name="/Services/Basket/">
    <Project Path="Services/Basket/Basket.API/Basket.API.csproj" Id="f68ee958-b41e-4b64-9128-74ad123ef3ac" />
  </Folder>
  <Folder Name="/Services/Catalog/">
    <Project Path="Services/Catalog/Catalog.API/Catalog.API.csproj" Id="e924a8f9-9375-4e39-a588-eda9796e35af" />
  </Folder>
  <Folder Name="/Services/Discount/">
    <Project Path="Services/Discount/Discount.Grpc/Discount.Grpc.csproj" Id="88d803c6-2234-4570-8658-bd032dca7c74" />
  </Folder>
  <Folder Name="/Services/Ordering/">
    <Project Path="Services/Ordering/Ordering.API/Ordering.API.csproj" Id="56006a07-023b-48a5-bc25-bbdaabcab979" />
    <Project Path="Services/Ordering/Ordering.Application/Ordering.Application.csproj" Id="030b91f2-7e23-40c6-99c3-845e6b189588" />
    <Project Path="Services/Ordering/Ordering.Domain/Ordering.Domain.csproj" Id="179c67a6-9793-4940-ab82-a1687c1c3e88" />
    <Project Path="Services/Ordering/Ordering.Infrastructure/Ordering.Infrastructure.csproj" Id="866c3ae9-9955-4633-9a4a-b4cc1cdec241" />
  </Folder>
  <Project Path="docker-compose.dcproj">
    <Build />
  </Project>
</Solution>
